gitee.com/MM-Q/colorlib v1.2.4 h1:jZkAFmPNqg7kUHXj1/pPbD1PRbKRBQPRHL8ArenYwf8=
gitee.com/MM-Q/colorlib v1.2.4/go.mod h1:k7AxDD3mOIFVdGRqLqz3jYOGRC2vV7QVjnZWpt/J3Ds=
gitee.com/MM-Q/qflag v0.1.40 h1:cGfi715cAB6edjYMavCdvTlydcKyh1m2wifkTfkKgW0=
gitee.com/MM-Q/qflag v0.1.40/go.mod h1:zdfgSAenBfAqzq6q7hugWctDaQbvEl9WEWwv32G5444=
gitee.com/MM-Q/verman v0.0.15 h1:xO0vTmQ7Cz7gY4g5rtcs7sRCks9An1NKa4d2ajIqaM0=
gitee.com/MM-Q/verman v0.0.15/go.mod h1:sJaGRO3zat1r9e6qu8mcwlJDI5IvFBFBG5NqgCwa6m0=
gitee.com/MM-Q/verman v0.0.16 h1:95+AT2DS4I3QuW3Qh1amV0k3rJrlsgAWnUk3EQGfjRE=
gitee.com/MM-Q/verman v0.0.16/go.mod h1:sJaGRO3zat1r9e6qu8mcwlJDI5IvFBFBG5NqgCwa6m0=
